
Microsoft Visual Studio Solution File, Format Version 12.00
# Visual Studio Version 17
VisualStudioVersion = 17.12.35527.113 d17.12
MinimumVisualStudioVersion = 10.0.40219.1
Project("{FAE04EC0-301F-11D3-BF4B-00C04F79EFBC}") = "creditmastr.Server", "creditmastr.Server\creditmastr.Server.csproj", "{BAEA121D-1760-4C7D-9665-42BE4F3FC8F5}"
EndProject
Project("{54A90642-561A-4BB1-A94E-469ADEE60C69}") = "creditmastr.client", "creditmastr.client\creditmastr.client.esproj", "{1AB5FDE1-1DD6-444C-86A5-10FCE19C9EE3}"
EndProject
Global
	GlobalSection(SolutionConfigurationPlatforms) = preSolution
		Debug|Any CPU = Debug|Any CPU
		Release|Any CPU = Release|Any CPU
	EndGlobalSection
	GlobalSection(ProjectConfigurationPlatforms) = postSolution
		{BAEA121D-1760-4C7D-9665-42BE4F3FC8F5}.Debug|Any CPU.ActiveCfg = Debug|Any CPU
		{BAEA121D-1760-4C7D-9665-42BE4F3FC8F5}.Debug|Any CPU.Build.0 = Debug|Any CPU
		{BAEA121D-1760-4C7D-9665-42BE4F3FC8F5}.Release|Any CPU.ActiveCfg = Release|Any CPU
		{BAEA121D-1760-4C7D-9665-42BE4F3FC8F5}.Release|Any CPU.Build.0 = Release|Any CPU
		{1AB5FDE1-1DD6-444C-86A5-10FCE19C9EE3}.Debug|Any CPU.ActiveCfg = Debug|Any CPU
		{1AB5FDE1-1DD6-444C-86A5-10FCE19C9EE3}.Debug|Any CPU.Build.0 = Debug|Any CPU
		{1AB5FDE1-1DD6-444C-86A5-10FCE19C9EE3}.Debug|Any CPU.Deploy.0 = Debug|Any CPU
		{1AB5FDE1-1DD6-444C-86A5-10FCE19C9EE3}.Release|Any CPU.ActiveCfg = Release|Any CPU
		{1AB5FDE1-1DD6-444C-86A5-10FCE19C9EE3}.Release|Any CPU.Build.0 = Release|Any CPU
		{1AB5FDE1-1DD6-444C-86A5-10FCE19C9EE3}.Release|Any CPU.Deploy.0 = Release|Any CPU
	EndGlobalSection
	GlobalSection(SolutionProperties) = preSolution
		HideSolutionNode = FALSE
	EndGlobalSection
EndGlobal
